
Microsoft Visual Studio Solution File, Format Version 12.00
# Visual Studio Version 16
VisualStudioVersion = 16.0.31205.134
MinimumVisualStudioVersion = 10.0.40219.1
Project("{FAE04EC0-301F-11D3-BF4B-00C04F79EFBC}") = "PruebaAlfreelina", "PruebaAlfreelina.csproj", "{03EA9B83-992C-4D92-B972-F38996984704}"
EndProject
Global
	GlobalSection(SolutionConfigurationPlatforms) = preSolution
		Debug|Any CPU = Debug|Any CPU
		Release|Any CPU = Release|Any CPU
	EndGlobalSection
	GlobalSection(ProjectConfigurationPlatforms) = postSolution
		{03EA9B83-992C-4D92-B972-F38996984704}.Debug|Any CPU.ActiveCfg = Debug|Any CPU
		{03EA9B83-992C-4D92-B972-F38996984704}.Debug|Any CPU.Build.0 = Debug|Any CPU
		{03EA9B83-992C-4D92-B972-F38996984704}.Release|Any CPU.ActiveCfg = Release|Any CPU
		{03EA9B83-992C-4D92-B972-F38996984704}.Release|Any CPU.Build.0 = Release|Any CPU
	EndGlobalSection
	GlobalSection(SolutionProperties) = preSolution
		HideSolutionNode = FALSE
	EndGlobalSection
	GlobalSection(ExtensibilityGlobals) = postSolution
		SolutionGuid = {E8CE5844-0E65-4E9F-9545-5DCA15556E86}
	EndGlobalSection
EndGlobal
